Microsoft Visual Studio Solution File, Format Version 11.00
# Visual Studio 2008

Project("{4D236D9A-2D10-2C5F-E6AD-1C50DA4BEC50}") = "com", "Assembly-CSharp-firstpass.csproj", "{90B23F11-A7F4-1339-B7F0-0FC6B5AAE72A}"
EndProject
Project("{4D236D9A-2D10-2C5F-E6AD-1C50DA4BEC50}") = "com", "Assembly-CSharp.csproj", "{6EAF7396-AF8C-7871-BD6E-80EEFC3FE264}"
EndProject
Project("{4D236D9A-2D10-2C5F-E6AD-1C50DA4BEC50}") = "com", "Assembly-CSharp-Editor.csproj", "{23017C7B-C58F-4FF1-3C3A-B91823404748}"
EndProject
Project("{4D236D9A-2D10-2C5F-E6AD-1C50DA4BEC50}") = "com", "Assembly-UnityScript.unityproj", "{EF7C8073-0CC2-9967-39FB-7D2F42C6A4A8}"
EndProject
Global
	GlobalSection(SolutionConfigurationPlatforms) = preSolution
		Debug|Any CPU = Debug|Any CPU
		Release|Any CPU = Release|Any CPU
	EndGlobalSection
	GlobalSection(ProjectConfigurationPlatforms) = postSolution
		{90B23F11-A7F4-1339-B7F0-0FC6B5AAE72A}.Debug|Any CPU.ActiveCfg = Debug|Any CPU
		{90B23F11-A7F4-1339-B7F0-0FC6B5AAE72A}.Debug|Any CPU.Build.0 = Debug|Any CPU
		{90B23F11-A7F4-1339-B7F0-0FC6B5AAE72A}.Release|Any CPU.ActiveCfg = Release|Any CPU
		{90B23F11-A7F4-1339-B7F0-0FC6B5AAE72A}.Release|Any CPU.Build.0 = Release|Any CPU
		{6EAF7396-AF8C-7871-BD6E-80EEFC3FE264}.Debug|Any CPU.ActiveCfg = Debug|Any CPU
		{6EAF7396-AF8C-7871-BD6E-80EEFC3FE264}.Debug|Any CPU.Build.0 = Debug|Any CPU
		{6EAF7396-AF8C-7871-BD6E-80EEFC3FE264}.Release|Any CPU.ActiveCfg = Release|Any CPU
		{6EAF7396-AF8C-7871-BD6E-80EEFC3FE264}.Release|Any CPU.Build.0 = Release|Any CPU
		{23017C7B-C58F-4FF1-3C3A-B91823404748}.Debug|Any CPU.ActiveCfg = Debug|Any CPU
		{23017C7B-C58F-4FF1-3C3A-B91823404748}.Debug|Any CPU.Build.0 = Debug|Any CPU
		{23017C7B-C58F-4FF1-3C3A-B91823404748}.Release|Any CPU.ActiveCfg = Release|Any CPU
		{23017C7B-C58F-4FF1-3C3A-B91823404748}.Release|Any CPU.Build.0 = Release|Any CPU
		{EF7C8073-0CC2-9967-39FB-7D2F42C6A4A8}.Debug|Any CPU.ActiveCfg = Debug|Any CPU
		{EF7C8073-0CC2-9967-39FB-7D2F42C6A4A8}.Debug|Any CPU.Build.0 = Debug|Any CPU
		{EF7C8073-0CC2-9967-39FB-7D2F42C6A4A8}.Release|Any CPU.ActiveCfg = Release|Any CPU
		{EF7C8073-0CC2-9967-39FB-7D2F42C6A4A8}.Release|Any CPU.Build.0 = Release|Any CPU
	EndGlobalSection
	GlobalSection(SolutionProperties) = preSolution
		HideSolutionNode = FALSE
	EndGlobalSection
																																																																																																																																																																																																																																																																																																																																																																																																																																																																																																																																					GlobalSection(MonoDevelopProperties) = preSolution
=======
																																																																																																																																																																																																																																																																																																																																																																																																																																														GlobalSection(MonoDevelopProperties) = preSolution
>>>>>>> d5fae4acf243a20e3365e028b9f791c7d82381d6
		StartupItem = Assembly-CSharp.csproj
		Policies = $0
		$0.TextStylePolicy = $1
		$1.inheritsSet = null
		$1.scope = text/x-csharp
		$0.CSharpFormattingPolicy = $2
		$2.inheritsSet = Mono
		$2.inheritsScope = text/x-csharp
		$2.scope = text/x-csharp
		$0.TextStylePolicy = $3
		$3.FileWidth = 120
		$3.TabWidth = 4
		$3.EolMarker = Unix
		$3.inheritsSet = Mono
		$3.inheritsScope = text/plain
		$3.scope = text/plain
	EndGlobalSection

EndGlobal
