
Microsoft Visual Studio Solution File, Format Version 12.00
# Visual Studio 2013
Project("{FAE04EC0-301F-11D3-BF4B-00C04F79EFBC}") = "UnityVS.com.CSharp", "UnityVS.com.CSharp.csproj", "{C70FB6D0-9022-7B88-B7F1-15278637F749}"
EndProject
Project("{FAE04EC0-301F-11D3-BF4B-00C04F79EFBC}") = "UnityVS.com.CSharp.Editor", "UnityVS.com.CSharp.Editor.csproj", "{18BE658C-4956-BB9D-1EF3-363EBBD1862C}"
EndProject
Global
	GlobalSection(SolutionConfigurationPlatforms) = preSolution
		Debug|Any CPU = Debug|Any CPU
		Release|Any CPU = Release|Any CPU
	EndGlobalSection
	GlobalSection(ProjectConfigurationPlatforms) = postSolution
		{C70FB6D0-9022-7B88-B7F1-15278637F749}.Debug|Any CPU.ActiveCfg = Debug|Any CPU
		{C70FB6D0-9022-7B88-B7F1-15278637F749}.Debug|Any CPU.Build.0 = Debug|Any CPU
		{C70FB6D0-9022-7B88-B7F1-15278637F749}.Release|Any CPU.ActiveCfg = Release|Any CPU
		{C70FB6D0-9022-7B88-B7F1-15278637F749}.Release|Any CPU.Build.0 = Release|Any CPU
		{18BE658C-4956-BB9D-1EF3-363EBBD1862C}.Debug|Any CPU.ActiveCfg = Debug|Any CPU
		{18BE658C-4956-BB9D-1EF3-363EBBD1862C}.Debug|Any CPU.Build.0 = Debug|Any CPU
		{18BE658C-4956-BB9D-1EF3-363EBBD1862C}.Release|Any CPU.ActiveCfg = Release|Any CPU
		{18BE658C-4956-BB9D-1EF3-363EBBD1862C}.Release|Any CPU.Build.0 = Release|Any CPU
	EndGlobalSection
	GlobalSection(SolutionProperties) = preSolution
		HideSolutionNode = FALSE
	EndGlobalSection
EndGlobal
